
Microsoft Visual Studio Solution File, Format Version 12.00
# Visual Studio Version 17
VisualStudioVersion = 17.1.32328.378
MinimumVisualStudioVersion = 10.0.40219.1
Project("{9A19103F-16F7-4668-BE54-9A1E7A4F7556}") = "Enigma.String", "src\Enigma.String\Enigma.String.csproj", "{11DAC1DE-A155-4947-BCA8-41CD0B00E8CF}"
EndProject
Project("{2150E333-8FDC-42A3-9474-1A3956D46DE8}") = "src", "src", "{ADC6134A-7D1B-46CB-98C8-65BCE669C535}"
EndProject
Project("{2150E333-8FDC-42A3-9474-1A3956D46DE8}") = "test", "test", "{EDDAE623-4A7D-4411-B503-4D3C97F6547E}"
EndProject
Project("{FAE04EC0-301F-11D3-BF4B-00C04F79EFBC}") = "Enigma.String.Tests", "test\Enigma.String.Tests\Enigma.String.Tests.csproj", "{3DDD2371-2725-464F-AB4B-5A18D987269D}"
EndProject
Global
	GlobalSection(SolutionConfigurationPlatforms) = preSolution
		Debug|Any CPU = Debug|Any CPU
		Release|Any CPU = Release|Any CPU
	EndGlobalSection
	GlobalSection(ProjectConfigurationPlatforms) = postSolution
		{11DAC1DE-A155-4947-BCA8-41CD0B00E8CF}.Debug|Any CPU.ActiveCfg = Debug|Any CPU
		{11DAC1DE-A155-4947-BCA8-41CD0B00E8CF}.Debug|Any CPU.Build.0 = Debug|Any CPU
		{11DAC1DE-A155-4947-BCA8-41CD0B00E8CF}.Release|Any CPU.ActiveCfg = Release|Any CPU
		{11DAC1DE-A155-4947-BCA8-41CD0B00E8CF}.Release|Any CPU.Build.0 = Release|Any CPU
		{3DDD2371-2725-464F-AB4B-5A18D987269D}.Debug|Any CPU.ActiveCfg = Debug|Any CPU
		{3DDD2371-2725-464F-AB4B-5A18D987269D}.Debug|Any CPU.Build.0 = Debug|Any CPU
		{3DDD2371-2725-464F-AB4B-5A18D987269D}.Release|Any CPU.ActiveCfg = Release|Any CPU
		{3DDD2371-2725-464F-AB4B-5A18D987269D}.Release|Any CPU.Build.0 = Release|Any CPU
	EndGlobalSection
	GlobalSection(SolutionProperties) = preSolution
		HideSolutionNode = FALSE
	EndGlobalSection
	GlobalSection(NestedProjects) = preSolution
		{11DAC1DE-A155-4947-BCA8-41CD0B00E8CF} = {ADC6134A-7D1B-46CB-98C8-65BCE669C535}
		{3DDD2371-2725-464F-AB4B-5A18D987269D} = {EDDAE623-4A7D-4411-B503-4D3C97F6547E}
	EndGlobalSection
	GlobalSection(ExtensibilityGlobals) = postSolution
		SolutionGuid = {41117D47-78DD-444C-8060-6CE24D6D7F2C}
	EndGlobalSection
EndGlobal
